// !$*UTF8*$!
{
	archiveVersion = 1;
	classes = {
	};
	objectVersion = 55;
	objects = {

/* Begin PBXBuildFile section */
		130F23EB2ABE34A0006D3E8B /* kmp_jsonplaceholder_iosApp.swift in Sources */ = {isa = PBXBuildFile; fileRef = 130F23EA2ABE34A0006D3E8B /* kmp_jsonplaceholder_iosApp.swift */; };
		130F23ED2ABE34A0006D3E8B /* ContentView.swift in Sources */ = {isa = PBXBuildFile; fileRef = 130F23EC2ABE34A0006D3E8B /* ContentView.swift */; };
		130F23EF2ABE34A9006D3E8B /* Assets.xcassets in Resources */ = {isa = PBXBuildFile; fileRef = 130F23EE2ABE34A9006D3E8B /* Assets.xcassets */; };
		130F23F22ABE34A9006D3E8B /* Preview Assets.xcassets in Resources */ = {isa = PBXBuildFile; fileRef = 130F23F12ABE34A9006D3E8B /* Preview Assets.xcassets */; };
		8EA9234CA3710DB98909AB73 /* Pods_kmp_jsonplaceholder_ios.framework in Frameworks */ = {isa = PBXBuildFile; fileRef = 21620B2E9787FD52A772BA7E /* Pods_kmp_jsonplaceholder_ios.framework */; };
/* End PBXBuildFile section */

/* Begin PBXFileReference section */
		130F23E72ABE34A0006D3E8B /* kmp-jsonplaceholder-ios.app */ = {isa = PBXFileReference; explicitFileType = wrapper.application; includeInIndex = 0; path = "kmp-jsonplaceholder-ios.app"; sourceTree = BUILT_PRODUCTS_DIR; };
		130F23EA2ABE34A0006D3E8B /* kmp_jsonplaceholder_iosApp.swift */ = {isa = PBXFileReference; lastKnownFileType = sourcecode.swift; path = kmp_jsonplaceholder_iosApp.swift; sourceTree = "<group>"; };
		130F23EC2ABE34A0006D3E8B /* ContentView.swift */ = {isa = PBXFileReference; lastKnownFileType = sourcecode.swift; path = ContentView.swift; sourceTree = "<group>"; };
		130F23EE2ABE34A9006D3E8B /* Assets.xcassets */ = {isa = PBXFileReference; lastKnownFileType = folder.assetcatalog; path = Assets.xcassets; sourceTree = "<group>"; };
		130F23F12ABE34A9006D3E8B /* Preview Assets.xcassets */ = {isa = PBXFileReference; lastKnownFileType = folder.assetcatalog; path = "Preview Assets.xcassets"; sourceTree = "<group>"; };
		21620B2E9787FD52A772BA7E /* Pods_kmp_jsonplaceholder_ios.framework */ = {isa = PBXFileReference; explicitFileType = wrapper.framework; includeInIndex = 0; path = Pods_kmp_jsonplaceholder_ios.framework; sourceTree = BUILT_PRODUCTS_DIR; };
		7400497F4C198CCB2DA593E8 /* Pods-kmp-jsonplaceholder-ios.debug.xcconfig */ = {isa = PBXFileReference; includeInIndex = 1; lastKnownFileType = text.xcconfig; name = "Pods-kmp-jsonplaceholder-ios.debug.xcconfig"; path = "Target Support Files/Pods-kmp-jsonplaceholder-ios/Pods-kmp-jsonplaceholder-ios.debug.xcconfig"; sourceTree = "<group>"; };
		95C8187D7A852F7DD6ED262C /* Pods-kmp-jsonplaceholder-ios.release.xcconfig */ = {isa = PBXFileReference; includeInIndex = 1; lastKnownFileType = text.xcconfig; name = "Pods-kmp-jsonplaceholder-ios.release.xcconfig"; path = "Target Support Files/Pods-kmp-jsonplaceholder-ios/Pods-kmp-jsonplaceholder-ios.release.xcconfig"; sourceTree = "<group>"; };
/* End PBXFileReference section */

/* Begin PBXFrameworksBuildPhase section */
		130F23E42ABE34A0006D3E8B /* Frameworks */ = {
			isa = PBXFrameworksBuildPhase;
			buildActionMask = 2147483647;
			files = (
				8EA9234CA3710DB98909AB73 /* Pods_kmp_jsonplaceholder_ios.framework in Frameworks */,
			);
			runOnlyForDeploymentPostprocessing = 0;
		};
/* End PBXFrameworksBuildPhase section */

/* Begin PBXGroup section */
		130F23DE2ABE34A0006D3E8B = {
			isa = PBXGroup;
			children = (
				130F23E92ABE34A0006D3E8B /* kmp-jsonplaceholder-ios */,
				130F23E82ABE34A0006D3E8B /* Products */,
				A98D4AAEF9418840D481E8B3 /* Pods */,
				B89498BC541967413267285C /* Frameworks */,
			);
			sourceTree = "<group>";
		};
		130F23E82ABE34A0006D3E8B /* Products */ = {
			isa = PBXGroup;
			children = (
				130F23E72ABE34A0006D3E8B /* kmp-jsonplaceholder-ios.app */,
			);
			name = Products;
			sourceTree = "<group>";
		};
		130F23E92ABE34A0006D3E8B /* kmp-jsonplaceholder-ios */ = {
			isa = PBXGroup;
			children = (
				130F23EA2ABE34A0006D3E8B /* kmp_jsonplaceholder_iosApp.swift */,
				130F23EC2ABE34A0006D3E8B /* ContentView.swift */,
				130F23EE2ABE34A9006D3E8B /* Assets.xcassets */,
				130F23F02ABE34A9006D3E8B /* Preview Content */,
			);
			path = "kmp-jsonplaceholder-ios";
			sourceTree = "<group>";
		};
		130F23F02ABE34A9006D3E8B /* Preview Content */ = {
			isa = PBXGroup;
			children = (
				130F23F12ABE34A9006D3E8B /* Preview Assets.xcassets */,
			);
			path = "Preview Content";
			sourceTree = "<group>";
		};
		A98D4AAEF9418840D481E8B3 /* Pods */ = {
			isa = PBXGroup;
			children = (
				7400497F4C198CCB2DA593E8 /* Pods-kmp-jsonplaceholder-ios.debug.xcconfig */,
				95C8187D7A852F7DD6ED262C /* Pods-kmp-jsonplaceholder-ios.release.xcconfig */,
			);
			name = Pods;
			path = Pods;
			sourceTree = "<group>";
		};
		B89498BC541967413267285C /* Frameworks */ = {
			isa = PBXGroup;
			children = (
				21620B2E9787FD52A772BA7E /* Pods_kmp_jsonplaceholder_ios.framework */,
			);
			name = Frameworks;
			sourceTree = "<group>";
		};
/* End PBXGroup section */

/* Begin PBXNativeTarget section */
		130F23E62ABE34A0006D3E8B /* kmp-jsonplaceholder-ios */ = {
			isa = PBXNativeTarget;
			buildConfigurationList = 130F23F52ABE34A9006D3E8B /* Build configuration list for PBXNativeTarget "kmp-jsonplaceholder-ios" */;
			buildPhases = (
				4419EB68986A610C96FCB1A7 /* [CP] Check Pods Manifest.lock */,
				130F23E32ABE34A0006D3E8B /* Sources */,
				130F23E42ABE34A0006D3E8B /* Frameworks */,
				130F23E52ABE34A0006D3E8B /* Resources */,
				BDE03211CEB81CE85B5525C9 /* [CP] Embed Pods Frameworks */,
			);
			buildRules = (
			);
			dependencies = (
			);
			name = "kmp-jsonplaceholder-ios";
			productName = "kmp-jsonplaceholder-ios";
			productReference = 130F23E72ABE34A0006D3E8B /* kmp-jsonplaceholder-ios.app */;
			productType = "com.apple.product-type.application";
		};
/* End PBXNativeTarget section */

/* Begin PBXProject section */
		130F23DF2ABE34A0006D3E8B /* Project object */ = {
			isa = PBXProject;
			attributes = {
				BuildIndependentTargetsInParallel = 1;
				LastSwiftUpdateCheck = 1320;
				LastUpgradeCheck = 1320;
				TargetAttributes = {
					130F23E62ABE34A0006D3E8B = {
						CreatedOnToolsVersion = 13.2.1;
					};
				};
			};
			buildConfigurationList = 130F23E22ABE34A0006D3E8B /* Build configuration list for PBXProject "kmp-jsonplaceholder-ios" */;
			compatibilityVersion = "Xcode 13.0";
			developmentRegion = en;
			hasScannedForEncodings = 0;
			knownRegions = (
				en,
				Base,
			);
			mainGroup = 130F23DE2ABE34A0006D3E8B;
			productRefGroup = 130F23E82ABE34A0006D3E8B /* Products */;
			projectDirPath = "";
			projectRoot = "";
			targets = (
				130F23E62ABE34A0006D3E8B /* kmp-jsonplaceholder-ios */,
			);
		};
/* End PBXProject section */

/* Begin PBXResourcesBuildPhase section */
		130F23E52ABE34A0006D3E8B /* Resources */ = {
			isa = PBXResourcesBuildPhase;
			buildActionMask = 2147483647;
			files = (
				130F23F22ABE34A9006D3E8B /* Preview Assets.xcassets in Resources */,
				130F23EF2ABE34A9006D3E8B /* Assets.xcassets in Resources */,
			);
			runOnlyForDeploymentPostprocessing = 0;
		};
/* End PBXResourcesBuildPhase section */

/* Begin PBXShellScriptBuildPhase section */
		4419EB68986A610C96FCB1A7 /* [CP] Check Pods Manifest.lock */ = {
			isa = PBXShellScriptBuildPhase;
			buildActionMask = 2147483647;
			files = (
			);
			inputFileListPaths = (
			);
			inputPaths = (
				"${PODS_PODFILE_DIR_PATH}/Podfile.lock",
				"${PODS_ROOT}/Manifest.lock",
			);
			name = "[CP] Check Pods Manifest.lock";
			outputFileListPaths = (
			);
			outputPaths = (
				"$(DERIVED_FILE_DIR)/Pods-kmp-jsonplaceholder-ios-checkManifestLockResult.txt",
			);
			runOnlyForDeploymentPostprocessing = 0;
			shellPath = /bin/sh;
			shellScript = "diff \"${PODS_PODFILE_DIR_PATH}/Podfile.lock\" \"${PODS_ROOT}/Manifest.lock\" > /dev/null\nif [ $? != 0 ] ; then\n    # print error to STDERR\n    echo \"error: The sandbox is not in sync with the Podfile.lock. Run 'pod install' or update your CocoaPods installation.\" >&2\n    exit 1\nfi\n# This output is used by Xcode 'outputs' to avoid re-running this script phase.\necho \"SUCCESS\" > \"${SCRIPT_OUTPUT_FILE_0}\"\n";
			showEnvVarsInLog = 0;
		};
		BDE03211CEB81CE85B5525C9 /* [CP] Embed Pods Frameworks */ = {
			isa = PBXShellScriptBuildPhase;
			buildActionMask = 2147483647;
			files = (
			);
			inputFileListPaths = (
				"${PODS_ROOT}/Target Support Files/Pods-kmp-jsonplaceholder-ios/Pods-kmp-jsonplaceholder-ios-frameworks-${CONFIGURATION}-input-files.xcfilelist",
			);
			name = "[CP] Embed Pods Frameworks";
			outputFileListPaths = (
				"${PODS_ROOT}/Target Support Files/Pods-kmp-jsonplaceholder-ios/Pods-kmp-jsonplaceholder-ios-frameworks-${CONFIGURATION}-output-files.xcfilelist",
			);
			runOnlyForDeploymentPostprocessing = 0;
			shellPath = /bin/sh;
			shellScript = "\"${PODS_ROOT}/Target Support Files/Pods-kmp-jsonplaceholder-ios/Pods-kmp-jsonplaceholder-ios-frameworks.sh\"\n";
			showEnvVarsInLog = 0;
		};
/* End PBXShellScriptBuildPhase section */

/* Begin PBXSourcesBuildPhase section */
		130F23E32ABE34A0006D3E8B /* Sources */ = {
			isa = PBXSourcesBuildPhase;
			buildActionMask = 2147483647;
			files = (
				130F23ED2ABE34A0006D3E8B /* ContentView.swift in Sources */,
				130F23EB2ABE34A0006D3E8B /* kmp_jsonplaceholder_iosApp.swift in Sources */,
			);
			runOnlyForDeploymentPostprocessing = 0;
		};
/* End PBXSourcesBuildPhase section */

/* Begin XCBuildConfiguration section */
		130F23F32ABE34A9006D3E8B /* Debug */ = {
			isa = XCBuildConfiguration;
			buildSettings = {
				ALWAYS_SEARCH_USER_PATHS = NO;
				CLANG_ANALYZER_NONNULL = YES;
				CLANG_ANALYZER_NUMBER_OBJECT_CONVERSION = YES_AGGRESSIVE;
				CLANG_CXX_LANGUAGE_STANDARD = "gnu++17";
				CLANG_CXX_LIBRARY = "libc++";
				CLANG_ENABLE_MODULES = YES;
				CLANG_ENABLE_OBJC_ARC = YES;
				CLANG_ENABLE_OBJC_WEAK = YES;
				CLANG_WARN_BLOCK_CAPTURE_AUTORELEASING = YES;
				CLANG_WARN_BOOL_CONVERSION = YES;
				CLANG_WARN_COMMA = YES;
				CLANG_WARN_CONSTANT_CONVERSION = YES;
				CLANG_WARN_DEPRECATED_OBJC_IMPLEMENTATIONS = YES;
				CLANG_WARN_DIRECT_OBJC_ISA_USAGE = YES_ERROR;
				CLANG_WARN_DOCUMENTATION_COMMENTS = YES;
				CLANG_WARN_EMPTY_BODY = YES;
				CLANG_WARN_ENUM_CONVERSION = YES;
				CLANG_WARN_INFINITE_RECURSION = YES;
				CLANG_WARN_INT_CONVERSION = YES;
				CLANG_WARN_NON_LITERAL_NULL_CONVERSION = YES;
				CLANG_WARN_OBJC_IMPLICIT_RETAIN_SELF = YES;
				CLANG_WARN_OBJC_LITERAL_CONVERSION = YES;
				CLANG_WARN_OBJC_ROOT_CLASS = YES_ERROR;
				CLANG_WARN_QUOTED_INCLUDE_IN_FRAMEWORK_HEADER = YES;
				CLANG_WARN_RANGE_LOOP_ANALYSIS = YES;
				CLANG_WARN_STRICT_PROTOTYPES = YES;
				CLANG_WARN_SUSPICIOUS_MOVE = YES;
				CLANG_WARN_UNGUARDED_AVAILABILITY = YES_AGGRESSIVE;
				CLANG_WARN_UNREACHABLE_CODE = YES;
				CLANG_WARN__DUPLICATE_METHOD_MATCH = YES;
				COPY_PHASE_STRIP = NO;
				DEBUG_INFORMATION_FORMAT = dwarf;
				ENABLE_STRICT_OBJC_MSGSEND = YES;
				ENABLE_TESTABILITY = YES;
				GCC_C_LANGUAGE_STANDARD = gnu11;
				GCC_DYNAMIC_NO_PIC = NO;
				GCC_NO_COMMON_BLOCKS = YES;
				GCC_OPTIMIZATION_LEVEL = 0;
				GCC_PREPROCESSOR_DEFINITIONS = (
					"DEBUG=1",
					"$(inherited)",
				);
				GCC_WARN_64_TO_32_BIT_CONVERSION = YES;
				GCC_WARN_ABOUT_RETURN_TYPE = YES_ERROR;
				GCC_WARN_UNDECLARED_SELECTOR = YES;
				GCC_WARN_UNINITIALIZED_AUTOS = YES_AGGRESSIVE;
				GCC_WARN_UNUSED_FUNCTION = YES;
				GCC_WARN_UNUSED_VARIABLE = YES;
				IPHONEOS_DEPLOYMENT_TARGET = 15.2;
				MTL_ENABLE_DEBUG_INFO = INCLUDE_SOURCE;
				MTL_FAST_MATH = YES;
				ONLY_ACTIVE_ARCH = YES;
				SDKROOT = iphoneos;
				SWIFT_ACTIVE_COMPILATION_CONDITIONS = DEBUG;
				SWIFT_OPTIMIZATION_LEVEL = "-Onone";
			};
			name = Debug;
		};
		130F23F42ABE34A9006D3E8B /* Release */ = {
			isa = XCBuildConfiguration;
			buildSettings = {
				ALWAYS_SEARCH_USER_PATHS = NO;
				CLANG_ANALYZER_NONNULL = YES;
				CLANG_ANALYZER_NUMBER_OBJECT_CONVERSION = YES_AGGRESSIVE;
				CLANG_CXX_LANGUAGE_STANDARD = "gnu++17";
				CLANG_CXX_LIBRARY = "libc++";
				CLANG_ENABLE_MODULES = YES;
				CLANG_ENABLE_OBJC_ARC = YES;
				CLANG_ENABLE_OBJC_WEAK = YES;
				CLANG_WARN_BLOCK_CAPTURE_AUTORELEASING = YES;
				CLANG_WARN_BOOL_CONVERSION = YES;
				CLANG_WARN_COMMA = YES;
				CLANG_WARN_CONSTANT_CONVERSION = YES;
				CLANG_WARN_DEPRECATED_OBJC_IMPLEMENTATIONS = YES;
				CLANG_WARN_DIRECT_OBJC_ISA_USAGE = YES_ERROR;
				CLANG_WARN_DOCUMENTATION_COMMENTS = YES;
				CLANG_WARN_EMPTY_BODY = YES;
				CLANG_WARN_ENUM_CONVERSION = YES;
				CLANG_WARN_INFINITE_RECURSION = YES;
				CLANG_WARN_INT_CONVERSION = YES;
				CLANG_WARN_NON_LITERAL_NULL_CONVERSION = YES;
				CLANG_WARN_OBJC_IMPLICIT_RETAIN_SELF = YES;
				CLANG_WARN_OBJC_LITERAL_CONVERSION = YES;
				CLANG_WARN_OBJC_ROOT_CLASS = YES_ERROR;
				CLANG_WARN_QUOTED_INCLUDE_IN_FRAMEWORK_HEADER = YES;
				CLANG_WARN_RANGE_LOOP_ANALYSIS = YES;
				CLANG_WARN_STRICT_PROTOTYPES = YES;
				CLANG_WARN_SUSPICIOUS_MOVE = YES;
				CLANG_WARN_UNGUARDED_AVAILABILITY = YES_AGGRESSIVE;
				CLANG_WARN_UNREACHABLE_CODE = YES;
				CLANG_WARN__DUPLICATE_METHOD_MATCH = YES;
				COPY_PHASE_STRIP = NO;
				DEBUG_INFORMATION_FORMAT = "dwarf-with-dsym";
				ENABLE_NS_ASSERTIONS = NO;
				ENABLE_STRICT_OBJC_MSGSEND = YES;
				GCC_C_LANGUAGE_STANDARD = gnu11;
				GCC_NO_COMMON_BLOCKS = YES;
				GCC_WARN_64_TO_32_BIT_CONVERSION = YES;
				GCC_WARN_ABOUT_RETURN_TYPE = YES_ERROR;
				GCC_WARN_UNDECLARED_SELECTOR = YES;
				GCC_WARN_UNINITIALIZED_AUTOS = YES_AGGRESSIVE;
				GCC_WARN_UNUSED_FUNCTION = YES;
				GCC_WARN_UNUSED_VARIABLE = YES;
				IPHONEOS_DEPLOYMENT_TARGET = 15.2;
				MTL_ENABLE_DEBUG_INFO = NO;
				MTL_FAST_MATH = YES;
				SDKROOT = iphoneos;
				SWIFT_COMPILATION_MODE = wholemodule;
				SWIFT_OPTIMIZATION_LEVEL = "-O";
				VALIDATE_PRODUCT = YES;
			};
			name = Release;
		};
		130F23F62ABE34A9006D3E8B /* Debug */ = {
			isa = XCBuildConfiguration;
			baseConfigurationReference = 7400497F4C198CCB2DA593E8 /* Pods-kmp-jsonplaceholder-ios.debug.xcconfig */;
			buildSettings = {
				ASSETCATALOG_COMPILER_APPICON_NAME = AppIcon;
				ASSETCATALOG_COMPILER_GLOBAL_ACCENT_COLOR_NAME = AccentColor;
				CODE_SIGN_STYLE = Automatic;
				CURRENT_PROJECT_VERSION = 1;
				DEVELOPMENT_ASSET_PATHS = "\"kmp-jsonplaceholder-ios/Preview Content\"";
				ENABLE_PREVIEWS = YES;
				GENERATE_INFOPLIST_FILE = YES;
				INFOPLIST_KEY_UIApplicationSceneManifest_Generation = YES;
				INFOPLIST_KEY_UIApplicationSupportsIndirectInputEvents = YES;
				INFOPLIST_KEY_UILaunchScreen_Generation = YES;
				INFOPLIST_KEY_UISupportedInterfaceOrientations_iPad = "UIInterfaceOrientationPortrait UIInterfaceOrientationPortraitUpsideDown UIInterfaceOrientationLandscapeLeft UIInterfaceOrientationLandscapeRight";
				INFOPLIST_KEY_UISupportedInterfaceOrientations_iPhone = "UIInterfaceOrientationPortrait UIInterfaceOrientationLandscapeLeft UIInterfaceOrientationLandscapeRight";
				LD_RUNPATH_SEARCH_PATHS = (
					"$(inherited)",
					"@executable_path/Frameworks",
				);
				MARKETING_VERSION = 1.0;
				PRODUCT_BUNDLE_IDENTIFIER = "fr.nicopico.kmp-jsonplaceholder-ios";
				PRODUCT_NAME = "$(TARGET_NAME)";
				SWIFT_EMIT_LOC_STRINGS = YES;
				SWIFT_VERSION = 5.0;
				TARGETED_DEVICE_FAMILY = "1,2";
			};
			name = Debug;
		};
		130F23F72ABE34A9006D3E8B /* Release */ = {
			isa = XCBuildConfiguration;
			baseConfigurationReference = 95C8187D7A852F7DD6ED262C /* Pods-kmp-jsonplaceholder-ios.release.xcconfig */;
			buildSettings = {
				ASSETCATALOG_COMPILER_APPICON_NAME = AppIcon;
				ASSETCATALOG_COMPILER_GLOBAL_ACCENT_COLOR_NAME = AccentColor;
				CODE_SIGN_STYLE = Automatic;
				CURRENT_PROJECT_VERSION = 1;
				DEVELOPMENT_ASSET_PATHS = "\"kmp-jsonplaceholder-ios/Preview Content\"";
				ENABLE_PREVIEWS = YES;
				GENERATE_INFOPLIST_FILE = YES;
				INFOPLIST_KEY_UIApplicationSceneManifest_Generation = YES;
				INFOPLIST_KEY_UIApplicationSupportsIndirectInputEvents = YES;
				INFOPLIST_KEY_UILaunchScreen_Generation = YES;
				INFOPLIST_KEY_UISupportedInterfaceOrientations_iPad = "UIInterfaceOrientationPortrait UIInterfaceOrientationPortraitUpsideDown UIInterfaceOrientationLandscapeLeft UIInterfaceOrientationLandscapeRight";
				INFOPLIST_KEY_UISupportedInterfaceOrientations_iPhone = "UIInterfaceOrientationPortrait UIInterfaceOrientationLandscapeLeft UIInterfaceOrientationLandscapeRight";
				LD_RUNPATH_SEARCH_PATHS = (
					"$(inherited)",
					"@executable_path/Frameworks",
				);
				MARKETING_VERSION = 1.0;
				PRODUCT_BUNDLE_IDENTIFIER = "fr.nicopico.kmp-jsonplaceholder-ios";
				PRODUCT_NAME = "$(TARGET_NAME)";
				SWIFT_EMIT_LOC_STRINGS = YES;
				SWIFT_VERSION = 5.0;
				TARGETED_DEVICE_FAMILY = "1,2";
			};
			name = Release;
		};
/* End XCBuildConfiguration section */

/* Begin XCConfigurationList section */
		130F23E22ABE34A0006D3E8B /* Build configuration list for PBXProject "kmp-jsonplaceholder-ios" */ = {
			isa = XCConfigurationList;
			buildConfigurations = (
				130F23F32ABE34A9006D3E8B /* Debug */,
				130F23F42ABE34A9006D3E8B /* Release */,
			);
			defaultConfigurationIsVisible = 0;
			defaultConfigurationName = Release;
		};
		130F23F52ABE34A9006D3E8B /* Build configuration list for PBXNativeTarget "kmp-jsonplaceholder-ios" */ = {
			isa = XCConfigurationList;
			buildConfigurations = (
				130F23F62ABE34A9006D3E8B /* Debug */,
				130F23F72ABE34A9006D3E8B /* Release */,
			);
			defaultConfigurationIsVisible = 0;
			defaultConfigurationName = Release;
		};
/* End XCConfigurationList section */
	};
	rootObject = 130F23DF2ABE34A0006D3E8B /* Project object */;
}
